// !$*UTF8*$!
{
	archiveVersion = 1;
	classes = {
	};
	objectVersion = 46;
	objects = {

/* Begin PBXBuildFile section */
		AF1584AF1CA1D9F300013845 /* UIMarker.swift in Sources */ = {isa = PBXBuildFile; fileRef = AF1584AE1CA1D9F300013845 /* UIMarker.swift */; };
		AF3343891CB527C000C9D841 /* Alamofire.framework in Frameworks */ = {isa = PBXBuildFile; fileRef = AF33437C1CB5271100C9D841 /* Alamofire.framework */; };
		AF33438A1CB527C000C9D841 /* Alamofire.framework in Embed Frameworks */ = {isa = PBXBuildFile; fileRef = AF33437C1CB5271100C9D841 /* Alamofire.framework */; settings = {ATTRIBUTES = (CodeSignOnCopy, RemoveHeadersOnCopy, ); }; };
		AF96D01F1C8F7AC6006CA428 /* MarkViewController.swift in Sources */ = {isa = PBXBuildFile; fileRef = AF96D01E1C8F7AC6006CA428 /* MarkViewController.swift */; };
		AF96D0211C8F87E8006CA428 /* FeedbackViewController.swift in Sources */ = {isa = PBXBuildFile; fileRef = AF96D0201C8F87E8006CA428 /* FeedbackViewController.swift */; };
		AF96D0261C98D2CB006CA428 /* UITimeLineView.swift in Sources */ = {isa = PBXBuildFile; fileRef = AF96D0251C98D2CB006CA428 /* UITimeLineView.swift */; };
		AFE2EB981C8B3DA200AA45C3 /* AppDelegate.swift in Sources */ = {isa = PBXBuildFile; fileRef = AFE2EB971C8B3DA200AA45C3 /* AppDelegate.swift */; };
		AFE2EB9A1C8B3DA200AA45C3 /* LoginViewController.swift in Sources */ = {isa = PBXBuildFile; fileRef = AFE2EB991C8B3DA200AA45C3 /* LoginViewController.swift */; };
		AFE2EB9D1C8B3DA200AA45C3 /* Main.storyboard in Resources */ = {isa = PBXBuildFile; fileRef = AFE2EB9B1C8B3DA200AA45C3 /* Main.storyboard */; };
		AFE2EB9F1C8B3DA200AA45C3 /* Assets.xcassets in Resources */ = {isa = PBXBuildFile; fileRef = AFE2EB9E1C8B3DA200AA45C3 /* Assets.xcassets */; };
		AFE2EBA21C8B3DA200AA45C3 /* LaunchScreen.storyboard in Resources */ = {isa = PBXBuildFile; fileRef = AFE2EBA01C8B3DA200AA45C3 /* LaunchScreen.storyboard */; };
		AFE2EBAD1C8B3DA200AA45C3 /* VEFTests.swift in Sources */ = {isa = PBXBuildFile; fileRef = AFE2EBAC1C8B3DA200AA45C3 /* VEFTests.swift */; };
		AFE2EBB81C8B3DA200AA45C3 /* VEFUITests.swift in Sources */ = {isa = PBXBuildFile; fileRef = AFE2EBB71C8B3DA200AA45C3 /* VEFUITests.swift */; };
		AFE2EBC71C8B429E00AA45C3 /* List.swift in Sources */ = {isa = PBXBuildFile; fileRef = AFE2EBC61C8B429E00AA45C3 /* List.swift */; };
		AFE2EBC91C8E24D800AA45C3 /* LoginView.swift in Sources */ = {isa = PBXBuildFile; fileRef = AFE2EBC81C8E24D800AA45C3 /* LoginView.swift */; };
		AFF403E21CAB33C60086E0A2 /* VEFView.swift in Sources */ = {isa = PBXBuildFile; fileRef = AFF403E11CAB33C60086E0A2 /* VEFView.swift */; };
/* End PBXBuildFile section */

/* Begin PBXContainerItemProxy section */
		AF33437B1CB5271100C9D841 /* PBXContainerItemProxy */ = {
			isa = PBXContainerItemProxy;
			containerPortal = AF3343711CB5271100C9D841 /* Alamofire.xcodeproj */;
			proxyType = 2;
			remoteGlobalIDString = F8111E3319A95C8B0040E7D1;
			remoteInfo = "Alamofire iOS";
		};
		AF33437D1CB5271100C9D841 /* PBXContainerItemProxy */ = {
			isa = PBXContainerItemProxy;
			containerPortal = AF3343711CB5271100C9D841 /* Alamofire.xcodeproj */;
			proxyType = 2;
			remoteGlobalIDString = F8111E3E19A95C8B0040E7D1;
			remoteInfo = "Alamofire iOS Tests";
		};
		AF33437F1CB5271100C9D841 /* PBXContainerItemProxy */ = {
			isa = PBXContainerItemProxy;
			containerPortal = AF3343711CB5271100C9D841 /* Alamofire.xcodeproj */;
			proxyType = 2;
			remoteGlobalIDString = 4DD67C0B1A5C55C900ED2280;
			remoteInfo = "Alamofire OSX";
		};
		AF3343811CB5271100C9D841 /* PBXContainerItemProxy */ = {
			isa = PBXContainerItemProxy;
			containerPortal = AF3343711CB5271100C9D841 /* Alamofire.xcodeproj */;
			proxyType = 2;
			remoteGlobalIDString = F829C6B21A7A94F100A2CD59;
			remoteInfo = "Alamofire OSX Tests";
		};
		AF3343831CB5271100C9D841 /* PBXContainerItemProxy */ = {
			isa = PBXContainerItemProxy;
			containerPortal = AF3343711CB5271100C9D841 /* Alamofire.xcodeproj */;
			proxyType = 2;
			remoteGlobalIDString = 4CF626EF1BA7CB3E0011A099;
			remoteInfo = "Alamofire tvOS";
		};
		AF3343851CB5271100C9D841 /* PBXContainerItemProxy */ = {
			isa = PBXContainerItemProxy;
			containerPortal = AF3343711CB5271100C9D841 /* Alamofire.xcodeproj */;
			proxyType = 2;
			remoteGlobalIDString = 4CF626F81BA7CB3E0011A099;
			remoteInfo = "Alamofire tvOS Tests";
		};
		AF3343871CB5271100C9D841 /* PBXContainerItemProxy */ = {
			isa = PBXContainerItemProxy;
			containerPortal = AF3343711CB5271100C9D841 /* Alamofire.xcodeproj */;
			proxyType = 2;
			remoteGlobalIDString = E4202FE01B667AA100C997FB;
			remoteInfo = "Alamofire watchOS";
		};
		AF33438B1CB527C000C9D841 /* PBXContainerItemProxy */ = {
			isa = PBXContainerItemProxy;
			containerPortal = AF3343711CB5271100C9D841 /* Alamofire.xcodeproj */;
			proxyType = 1;
			remoteGlobalIDString = F8111E3219A95C8B0040E7D1;
			remoteInfo = "Alamofire iOS";
		};
		AFE2EBA91C8B3DA200AA45C3 /* PBXContainerItemProxy */ = {
			isa = PBXContainerItemProxy;
			containerPortal = AFE2EB8C1C8B3DA100AA45C3 /* Project object */;
			proxyType = 1;
			remoteGlobalIDString = AFE2EB931C8B3DA200AA45C3;
			remoteInfo = VEF;
		};
		AFE2EBB41C8B3DA200AA45C3 /* PBXContainerItemProxy */ = {
			isa = PBXContainerItemProxy;
			containerPortal = AFE2EB8C1C8B3DA100AA45C3 /* Project object */;
			proxyType = 1;
			remoteGlobalIDString = AFE2EB931C8B3DA200AA45C3;
			remoteInfo = VEF;
		};
/* End PBXContainerItemProxy section */

/* Begin PBXCopyFilesBuildPhase section */
		AF33436C1CB525DC00C9D841 /* Embed Frameworks */ = {
			isa = PBXCopyFilesBuildPhase;
			buildActionMask = 2147483647;
			dstPath = "";
			dstSubfolderSpec = 10;
			files = (
				AF33438A1CB527C000C9D841 /* Alamofire.framework in Embed Frameworks */,
			);
			name = "Embed Frameworks";
			runOnlyForDeploymentPostprocessing = 0;
		};
		AF3343701CB525F600C9D841 /* Embed PlugIns */ = {
			isa = PBXCopyFilesBuildPhase;
			buildActionMask = 2147483647;
			dstPath = "";
			dstSubfolderSpec = 13;
			files = (
			);
			name = "Embed PlugIns";
			runOnlyForDeploymentPostprocessing = 0;
		};
/* End PBXCopyFilesBuildPhase section */

/* Begin PBXFileReference section */
		AF1584AE1CA1D9F300013845 /* UIMarker.swift */ = {isa = PBXFileReference; fileEncoding = 4; lastKnownFileType = sourcecode.swift; path = UIMarker.swift; sourceTree = "<group>"; };
		AF3343711CB5271100C9D841 /* Alamofire.xcodeproj */ = {isa = PBXFileReference; lastKnownFileType = "wrapper.pb-project"; name = Alamofire.xcodeproj; path = Libs/Alamofire/Alamofire.xcodeproj; sourceTree = "<group>"; };
		AF96D01E1C8F7AC6006CA428 /* MarkViewController.swift */ = {isa = PBXFileReference; fileEncoding = 4; lastKnownFileType = sourcecode.swift; path = MarkViewController.swift; sourceTree = "<group>"; };
		AF96D0201C8F87E8006CA428 /* FeedbackViewController.swift */ = {isa = PBXFileReference; fileEncoding = 4; lastKnownFileType = sourcecode.swift; path = FeedbackViewController.swift; sourceTree = "<group>"; };
		AF96D0251C98D2CB006CA428 /* UITimeLineView.swift */ = {isa = PBXFileReference; fileEncoding = 4; lastKnownFileType = sourcecode.swift; path = UITimeLineView.swift; sourceTree = "<group>"; };
		AFE2EB941C8B3DA200AA45C3 /* VEF.app */ = {isa = PBXFileReference; explicitFileType = wrapper.application; includeInIndex = 0; path = VEF.app; sourceTree = BUILT_PRODUCTS_DIR; };
		AFE2EB971C8B3DA200AA45C3 /* AppDelegate.swift */ = {isa = PBXFileReference; lastKnownFileType = sourcecode.swift; path = AppDelegate.swift; sourceTree = "<group>"; };
		AFE2EB991C8B3DA200AA45C3 /* LoginViewController.swift */ = {isa = PBXFileReference; lastKnownFileType = sourcecode.swift; path = LoginViewController.swift; sourceTree = "<group>"; };
		AFE2EB9C1C8B3DA200AA45C3 /* Base */ = {isa = PBXFileReference; lastKnownFileType = file.storyboard; name = Base; path = Base.lproj/Main.storyboard; sourceTree = "<group>"; };
		AFE2EB9E1C8B3DA200AA45C3 /* Assets.xcassets */ = {isa = PBXFileReference; lastKnownFileType = folder.assetcatalog; path = Assets.xcassets; sourceTree = "<group>"; };
		AFE2EBA11C8B3DA200AA45C3 /* Base */ = {isa = PBXFileReference; lastKnownFileType = file.storyboard; name = Base; path = Base.lproj/LaunchScreen.storyboard; sourceTree = "<group>"; };
		AFE2EBA31C8B3DA200AA45C3 /* Info.plist */ = {isa = PBXFileReference; lastKnownFileType = text.plist.xml; path = Info.plist; sourceTree = "<group>"; };
		AFE2EBA81C8B3DA200AA45C3 /* VEFTests.xctest */ = {isa = PBXFileReference; explicitFileType = wrapper.cfbundle; includeInIndex = 0; path = VEFTests.xctest; sourceTree = BUILT_PRODUCTS_DIR; };
		AFE2EBAC1C8B3DA200AA45C3 /* VEFTests.swift */ = {isa = PBXFileReference; lastKnownFileType = sourcecode.swift; path = VEFTests.swift; sourceTree = "<group>"; };
		AFE2EBAE1C8B3DA200AA45C3 /* Info.plist */ = {isa = PBXFileReference; lastKnownFileType = text.plist.xml; path = Info.plist; sourceTree = "<group>"; };
		AFE2EBB31C8B3DA200AA45C3 /* VEFUITests.xctest */ = {isa = PBXFileReference; explicitFileType = wrapper.cfbundle; includeInIndex = 0; path = VEFUITests.xctest; sourceTree = BUILT_PRODUCTS_DIR; };
		AFE2EBB71C8B3DA200AA45C3 /* VEFUITests.swift */ = {isa = PBXFileReference; lastKnownFileType = sourcecode.swift; path = VEFUITests.swift; sourceTree = "<group>"; };
		AFE2EBB91C8B3DA200AA45C3 /* Info.plist */ = {isa = PBXFileReference; lastKnownFileType = text.plist.xml; path = Info.plist; sourceTree = "<group>"; };
		AFE2EBC61C8B429E00AA45C3 /* List.swift */ = {isa = PBXFileReference; fileEncoding = 4; lastKnownFileType = sourcecode.swift; path = List.swift; sourceTree = "<group>"; };
		AFE2EBC81C8E24D800AA45C3 /* LoginView.swift */ = {isa = PBXFileReference; fileEncoding = 4; lastKnownFileType = sourcecode.swift; path = LoginView.swift; sourceTree = "<group>"; };
		AFF403E11CAB33C60086E0A2 /* VEFView.swift */ = {isa = PBXFileReference; fileEncoding = 4; lastKnownFileType = sourcecode.swift; path = VEFView.swift; sourceTree = "<group>"; };
/* End PBXFileReference section */

/* Begin PBXFrameworksBuildPhase section */
		AFE2EB911C8B3DA200AA45C3 /* Frameworks */ = {
			isa = PBXFrameworksBuildPhase;
			buildActionMask = 2147483647;
			files = (
				AF3343891CB527C000C9D841 /* Alamofire.framework in Frameworks */,
			);
			runOnlyForDeploymentPostprocessing = 0;
		};
		AFE2EBA51C8B3DA200AA45C3 /* Frameworks */ = {
			isa = PBXFrameworksBuildPhase;
			buildActionMask = 2147483647;
			files = (
			);
			runOnlyForDeploymentPostprocessing = 0;
		};
		AFE2EBB01C8B3DA200AA45C3 /* Frameworks */ = {
			isa = PBXFrameworksBuildPhase;
			buildActionMask = 2147483647;
			files = (
			);
			runOnlyForDeploymentPostprocessing = 0;
		};
/* End PBXFrameworksBuildPhase section */

/* Begin PBXGroup section */
		AF3343721CB5271100C9D841 /* Products */ = {
			isa = PBXGroup;
			children = (
				AF33437C1CB5271100C9D841 /* Alamofire.framework */,
				AF33437E1CB5271100C9D841 /* Alamofire iOS Tests.xctest */,
				AF3343801CB5271100C9D841 /* Alamofire.framework */,
				AF3343821CB5271100C9D841 /* Alamofire OSX Tests.xctest */,
				AF3343841CB5271100C9D841 /* Alamofire.framework */,
				AF3343861CB5271100C9D841 /* Alamofire tvOS Tests.xctest */,
				AF3343881CB5271100C9D841 /* Alamofire.framework */,
			);
			name = Products;
			sourceTree = "<group>";
		};
		AF96D0221C98D274006CA428 /* CustomViews */ = {
			isa = PBXGroup;
			children = (
				AF96D0251C98D2CB006CA428 /* UITimeLineView.swift */,
				AF1584AE1CA1D9F300013845 /* UIMarker.swift */,
			);
			name = CustomViews;
			sourceTree = "<group>";
		};
		AFE2EB8B1C8B3DA100AA45C3 = {
			isa = PBXGroup;
			children = (
				AFE2EB961C8B3DA200AA45C3 /* VEF */,
				AFE2EBAB1C8B3DA200AA45C3 /* VEFTests */,
				AFE2EBB61C8B3DA200AA45C3 /* VEFUITests */,
				AFE2EB951C8B3DA200AA45C3 /* Products */,
				AF3343711CB5271100C9D841 /* Alamofire.xcodeproj */,
			);
			sourceTree = "<group>";
		};
		AFE2EB951C8B3DA200AA45C3 /* Products */ = {
			isa = PBXGroup;
			children = (
				AFE2EB941C8B3DA200AA45C3 /* VEF.app */,
				AFE2EBA81C8B3DA200AA45C3 /* VEFTests.xctest */,
				AFE2EBB31C8B3DA200AA45C3 /* VEFUITests.xctest */,
			);
			name = Products;
			sourceTree = "<group>";
		};
		AFE2EB961C8B3DA200AA45C3 /* VEF */ = {
			isa = PBXGroup;
			children = (
				AF96D0221C98D274006CA428 /* CustomViews */,
				AFE2EBC51C8B408200AA45C3 /* Classes */,
				AFE2EB971C8B3DA200AA45C3 /* AppDelegate.swift */,
				AFE2EB991C8B3DA200AA45C3 /* LoginViewController.swift */,
				AF96D01E1C8F7AC6006CA428 /* MarkViewController.swift */,
				AFE2EB9B1C8B3DA200AA45C3 /* Main.storyboard */,
				AFF403E11CAB33C60086E0A2 /* VEFView.swift */,
				AFE2EB9E1C8B3DA200AA45C3 /* Assets.xcassets */,
				AFE2EBA01C8B3DA200AA45C3 /* LaunchScreen.storyboard */,
				AFE2EBA31C8B3DA200AA45C3 /* Info.plist */,
				AFE2EBC81C8E24D800AA45C3 /* LoginView.swift */,
				AF96D0201C8F87E8006CA428 /* FeedbackViewController.swift */,
			);
			path = VEF;
			sourceTree = "<group>";
		};
		AFE2EBAB1C8B3DA200AA45C3 /* VEFTests */ = {
			isa = PBXGroup;
			children = (
				AFE2EBAC1C8B3DA200AA45C3 /* VEFTests.swift */,
				AFE2EBAE1C8B3DA200AA45C3 /* Info.plist */,
			);
			path = VEFTests;
			sourceTree = "<group>";
		};
		AFE2EBB61C8B3DA200AA45C3 /* VEFUITests */ = {
			isa = PBXGroup;
			children = (
				AFE2EBB71C8B3DA200AA45C3 /* VEFUITests.swift */,
				AFE2EBB91C8B3DA200AA45C3 /* Info.plist */,
			);
			path = VEFUITests;
			sourceTree = "<group>";
		};
		AFE2EBC51C8B408200AA45C3 /* Classes */ = {
			isa = PBXGroup;
			children = (
				AFE2EBC61C8B429E00AA45C3 /* List.swift */,
			);
			name = Classes;
			sourceTree = "<group>";
		};
/* End PBXGroup section */

/* Begin PBXNativeTarget section */
		AFE2EB931C8B3DA200AA45C3 /* VEF */ = {
			isa = PBXNativeTarget;
			buildConfigurationList = AFE2EBBC1C8B3DA200AA45C3 /* Build configuration list for PBXNativeTarget "VEF" */;
			buildPhases = (
				AFE2EB901C8B3DA200AA45C3 /* Sources */,
				AFE2EB911C8B3DA200AA45C3 /* Frameworks */,
				AFE2EB921C8B3DA200AA45C3 /* Resources */,
				AF33436C1CB525DC00C9D841 /* Embed Frameworks */,
				AF3343701CB525F600C9D841 /* Embed PlugIns */,
			);
			buildRules = (
			);
			dependencies = (
				AF33438C1CB527C000C9D841 /* PBXTargetDependency */,
			);
			name = VEF;
			productName = VEF;
			productReference = AFE2EB941C8B3DA200AA45C3 /* VEF.app */;
			productType = "com.apple.product-type.application";
		};
		AFE2EBA71C8B3DA200AA45C3 /* VEFTests */ = {
			isa = PBXNativeTarget;
			buildConfigurationList = AFE2EBBF1C8B3DA200AA45C3 /* Build configuration list for PBXNativeTarget "VEFTests" */;
			buildPhases = (
				AFE2EBA41C8B3DA200AA45C3 /* Sources */,
				AFE2EBA51C8B3DA200AA45C3 /* Frameworks */,
				AFE2EBA61C8B3DA200AA45C3 /* Resources */,
			);
			buildRules = (
			);
			dependencies = (
				AFE2EBAA1C8B3DA200AA45C3 /* PBXTargetDependency */,
			);
			name = VEFTests;
			productName = VEFTests;
			productReference = AFE2EBA81C8B3DA200AA45C3 /* VEFTests.xctest */;
			productType = "com.apple.product-type.bundle.unit-test";
		};
		AFE2EBB21C8B3DA200AA45C3 /* VEFUITests */ = {
			isa = PBXNativeTarget;
			buildConfigurationList = AFE2EBC21C8B3DA200AA45C3 /* Build configuration list for PBXNativeTarget "VEFUITests" */;
			buildPhases = (
				AFE2EBAF1C8B3DA200AA45C3 /* Sources */,
				AFE2EBB01C8B3DA200AA45C3 /* Frameworks */,
				AFE2EBB11C8B3DA200AA45C3 /* Resources */,
			);
			buildRules = (
			);
			dependencies = (
				AFE2EBB51C8B3DA200AA45C3 /* PBXTargetDependency */,
			);
			name = VEFUITests;
			productName = VEFUITests;
			productReference = AFE2EBB31C8B3DA200AA45C3 /* VEFUITests.xctest */;
			productType = "com.apple.product-type.bundle.ui-testing";
		};
/* End PBXNativeTarget section */

/* Begin PBXProject section */
		AFE2EB8C1C8B3DA100AA45C3 /* Project object */ = {
			isa = PBXProject;
			attributes = {
				LastSwiftUpdateCheck = 0710;
				LastUpgradeCheck = 0710;
				ORGANIZATIONNAME = "Delta FHICT";
				TargetAttributes = {
					AFE2EB931C8B3DA200AA45C3 = {
						CreatedOnToolsVersion = 7.1.1;
						DevelopmentTeam = 6D9XN7CNHH;
					};
					AFE2EBA71C8B3DA200AA45C3 = {
						CreatedOnToolsVersion = 7.1.1;
						DevelopmentTeam = 6D9XN7CNHH;
						TestTargetID = AFE2EB931C8B3DA200AA45C3;
					};
					AFE2EBB21C8B3DA200AA45C3 = {
						CreatedOnToolsVersion = 7.1.1;
						DevelopmentTeam = 6D9XN7CNHH;
						TestTargetID = AFE2EB931C8B3DA200AA45C3;
					};
				};
			};
			buildConfigurationList = AFE2EB8F1C8B3DA100AA45C3 /* Build configuration list for PBXProject "VEF" */;
			compatibilityVersion = "Xcode 3.2";
			developmentRegion = English;
			hasScannedForEncodings = 0;
			knownRegions = (
				en,
				Base,
			);
			mainGroup = AFE2EB8B1C8B3DA100AA45C3;
			productRefGroup = AFE2EB951C8B3DA200AA45C3 /* Products */;
			projectDirPath = "";
			projectReferences = (
				{
					ProductGroup = AF3343721CB5271100C9D841 /* Products */;
					ProjectRef = AF3343711CB5271100C9D841 /* Alamofire.xcodeproj */;
				},
			);
			projectRoot = "";
			targets = (
				AFE2EB931C8B3DA200AA45C3 /* VEF */,
				AFE2EBA71C8B3DA200AA45C3 /* VEFTests */,
				AFE2EBB21C8B3DA200AA45C3 /* VEFUITests */,
			);
		};
/* End PBXProject section */

/* Begin PBXReferenceProxy section */
		AF33437C1CB5271100C9D841 /* Alamofire.framework */ = {
			isa = PBXReferenceProxy;
			fileType = wrapper.framework;
			path = Alamofire.framework;
			remoteRef = AF33437B1CB5271100C9D841 /* PBXContainerItemProxy */;
			sourceTree = BUILT_PRODUCTS_DIR;
		};
		AF33437E1CB5271100C9D841 /* Alamofire iOS Tests.xctest */ = {
			isa = PBXReferenceProxy;
			fileType = wrapper.cfbundle;
			path = "Alamofire iOS Tests.xctest";
			remoteRef = AF33437D1CB5271100C9D841 /* PBXContainerItemProxy */;
			sourceTree = BUILT_PRODUCTS_DIR;
		};
		AF3343801CB5271100C9D841 /* Alamofire.framework */ = {
			isa = PBXReferenceProxy;
			fileType = wrapper.framework;
			path = Alamofire.framework;
			remoteRef = AF33437F1CB5271100C9D841 /* PBXContainerItemProxy */;
			sourceTree = BUILT_PRODUCTS_DIR;
		};
		AF3343821CB5271100C9D841 /* Alamofire OSX Tests.xctest */ = {
			isa = PBXReferenceProxy;
			fileType = wrapper.cfbundle;
			path = "Alamofire OSX Tests.xctest";
			remoteRef = AF3343811CB5271100C9D841 /* PBXContainerItemProxy */;
			sourceTree = BUILT_PRODUCTS_DIR;
		};
		AF3343841CB5271100C9D841 /* Alamofire.framework */ = {
			isa = PBXReferenceProxy;
			fileType = wrapper.framework;
			path = Alamofire.framework;
			remoteRef = AF3343831CB5271100C9D841 /* PBXContainerItemProxy */;
			sourceTree = BUILT_PRODUCTS_DIR;
		};
		AF3343861CB5271100C9D841 /* Alamofire tvOS Tests.xctest */ = {
			isa = PBXReferenceProxy;
			fileType = wrapper.cfbundle;
			path = "Alamofire tvOS Tests.xctest";
			remoteRef = AF3343851CB5271100C9D841 /* PBXContainerItemProxy */;
			sourceTree = BUILT_PRODUCTS_DIR;
		};
		AF3343881CB5271100C9D841 /* Alamofire.framework */ = {
			isa = PBXReferenceProxy;
			fileType = wrapper.framework;
			path = Alamofire.framework;
			remoteRef = AF3343871CB5271100C9D841 /* PBXContainerItemProxy */;
			sourceTree = BUILT_PRODUCTS_DIR;
		};
/* End PBXReferenceProxy section */

/* Begin PBXResourcesBuildPhase section */
		AFE2EB921C8B3DA200AA45C3 /* Resources */ = {
			isa = PBXResourcesBuildPhase;
			buildActionMask = 2147483647;
			files = (
				AFE2EBA21C8B3DA200AA45C3 /* LaunchScreen.storyboard in Resources */,
				AFE2EB9F1C8B3DA200AA45C3 /* Assets.xcassets in Resources */,
				AFE2EB9D1C8B3DA200AA45C3 /* Main.storyboard in Resources */,
			);
			runOnlyForDeploymentPostprocessing = 0;
		};
		AFE2EBA61C8B3DA200AA45C3 /* Resources */ = {
			isa = PBXResourcesBuildPhase;
			buildActionMask = 2147483647;
			files = (
			);
			runOnlyForDeploymentPostprocessing = 0;
		};
		AFE2EBB11C8B3DA200AA45C3 /* Resources */ = {
			isa = PBXResourcesBuildPhase;
			buildActionMask = 2147483647;
			files = (
			);
			runOnlyForDeploymentPostprocessing = 0;
		};
/* End PBXResourcesBuildPhase section */

/* Begin PBXSourcesBuildPhase section */
		AFE2EB901C8B3DA200AA45C3 /* Sources */ = {
			isa = PBXSourcesBuildPhase;
			buildActionMask = 2147483647;
			files = (
				AFE2EB9A1C8B3DA200AA45C3 /* LoginViewController.swift in Sources */,
				AF1584AF1CA1D9F300013845 /* UIMarker.swift in Sources */,
				AF96D0261C98D2CB006CA428 /* UITimeLineView.swift in Sources */,
				AF96D0211C8F87E8006CA428 /* FeedbackViewController.swift in Sources */,
				AFE2EB981C8B3DA200AA45C3 /* AppDelegate.swift in Sources */,
				AFF403E21CAB33C60086E0A2 /* VEFView.swift in Sources */,
				AF96D01F1C8F7AC6006CA428 /* MarkViewController.swift in Sources */,
				AFE2EBC91C8E24D800AA45C3 /* LoginView.swift in Sources */,
				AFE2EBC71C8B429E00AA45C3 /* List.swift in Sources */,
			);
			runOnlyForDeploymentPostprocessing = 0;
		};
		AFE2EBA41C8B3DA200AA45C3 /* Sources */ = {
			isa = PBXSourcesBuildPhase;
			buildActionMask = 2147483647;
			files = (
				AFE2EBAD1C8B3DA200AA45C3 /* VEFTests.swift in Sources */,
			);
			runOnlyForDeploymentPostprocessing = 0;
		};
		AFE2EBAF1C8B3DA200AA45C3 /* Sources */ = {
			isa = PBXSourcesBuildPhase;
			buildActionMask = 2147483647;
			files = (
				AFE2EBB81C8B3DA200AA45C3 /* VEFUITests.swift in Sources */,
			);
			runOnlyForDeploymentPostprocessing = 0;
		};
/* End PBXSourcesBuildPhase section */

/* Begin PBXTargetDependency section */
		AF33438C1CB527C000C9D841 /* PBXTargetDependency */ = {
			isa = PBXTargetDependency;
			name = "Alamofire iOS";
			targetProxy = AF33438B1CB527C000C9D841 /* PBXContainerItemProxy */;
		};
		AFE2EBAA1C8B3DA200AA45C3 /* PBXTargetDependency */ = {
			isa = PBXTargetDependency;
			target = AFE2EB931C8B3DA200AA45C3 /* VEF */;
			targetProxy = AFE2EBA91C8B3DA200AA45C3 /* PBXContainerItemProxy */;
		};
		AFE2EBB51C8B3DA200AA45C3 /* PBXTargetDependency */ = {
			isa = PBXTargetDependency;
			target = AFE2EB931C8B3DA200AA45C3 /* VEF */;
			targetProxy = AFE2EBB41C8B3DA200AA45C3 /* PBXContainerItemProxy */;
		};
/* End PBXTargetDependency section */

/* Begin PBXVariantGroup section */
		AFE2EB9B1C8B3DA200AA45C3 /* Main.storyboard */ = {
			isa = PBXVariantGroup;
			children = (
				AFE2EB9C1C8B3DA200AA45C3 /* Base */,
			);
			name = Main.storyboard;
			sourceTree = "<group>";
		};
		AFE2EBA01C8B3DA200AA45C3 /* LaunchScreen.storyboard */ = {
			isa = PBXVariantGroup;
			children = (
				AFE2EBA11C8B3DA200AA45C3 /* Base */,
			);
			name = LaunchScreen.storyboard;
			sourceTree = "<group>";
		};
/* End PBXVariantGroup section */

/* Begin XCBuildConfiguration section */
		AFE2EBBA1C8B3DA200AA45C3 /* Debug */ = {
			isa = XCBuildConfiguration;
			buildSettings = {
				ALWAYS_SEARCH_USER_PATHS = NO;
				CLANG_CXX_LANGUAGE_STANDARD = "gnu++0x";
				CLANG_CXX_LIBRARY = "libc++";
				CLANG_ENABLE_MODULES = YES;
				CLANG_ENABLE_OBJC_ARC = YES;
				CLANG_WARN_BOOL_CONVERSION = YES;
				CLANG_WARN_CONSTANT_CONVERSION = YES;
				CLANG_WARN_DIRECT_OBJC_ISA_USAGE = YES_ERROR;
				CLANG_WARN_EMPTY_BODY = YES;
				CLANG_WARN_ENUM_CONVERSION = YES;
				CLANG_WARN_INT_CONVERSION = YES;
				CLANG_WARN_OBJC_ROOT_CLASS = YES_ERROR;
				CLANG_WARN_UNREACHABLE_CODE = YES;
				CLANG_WARN__DUPLICATE_METHOD_MATCH = YES;
				"CODE_SIGN_IDENTITY[sdk=iphoneos*]" = "iPhone Developer";
				COPY_PHASE_STRIP = NO;
				DEBUG_INFORMATION_FORMAT = dwarf;
				ENABLE_STRICT_OBJC_MSGSEND = YES;
				ENABLE_TESTABILITY = YES;
				GCC_C_LANGUAGE_STANDARD = gnu99;
				GCC_DYNAMIC_NO_PIC = NO;
				GCC_NO_COMMON_BLOCKS = YES;
				GCC_OPTIMIZATION_LEVEL = 0;
				GCC_PREPROCESSOR_DEFINITIONS = (
					"DEBUG=1",
					"$(inherited)",
				);
				GCC_WARN_64_TO_32_BIT_CONVERSION = YES;
				GCC_WARN_ABOUT_RETURN_TYPE = YES_ERROR;
				GCC_WARN_UNDECLARED_SELECTOR = YES;
				GCC_WARN_UNINITIALIZED_AUTOS = YES_AGGRESSIVE;
				GCC_WARN_UNUSED_FUNCTION = YES;
				GCC_WARN_UNUSED_VARIABLE = YES;
				IPHONEOS_DEPLOYMENT_TARGET = 9.1;
				MTL_ENABLE_DEBUG_INFO = YES;
				ONLY_ACTIVE_ARCH = YES;
				SDKROOT = iphoneos;
				SWIFT_OPTIMIZATION_LEVEL = "-Onone";
				TARGETED_DEVICE_FAMILY = "1,2";
			};
			name = Debug;
		};
		AFE2EBBB1C8B3DA200AA45C3 /* Release */ = {
			isa = XCBuildConfiguration;
			buildSettings = {
				ALWAYS_SEARCH_USER_PATHS = NO;
				CLANG_CXX_LANGUAGE_STANDARD = "gnu++0x";
				CLANG_CXX_LIBRARY = "libc++";
				CLANG_ENABLE_MODULES = YES;
				CLANG_ENABLE_OBJC_ARC = YES;
				CLANG_WARN_BOOL_CONVERSION = YES;
				CLANG_WARN_CONSTANT_CONVERSION = YES;
				CLANG_WARN_DIRECT_OBJC_ISA_USAGE = YES_ERROR;
				CLANG_WARN_EMPTY_BODY = YES;
				CLANG_WARN_ENUM_CONVERSION = YES;
				CLANG_WARN_INT_CONVERSION = YES;
				CLANG_WARN_OBJC_ROOT_CLASS = YES_ERROR;
				CLANG_WARN_UNREACHABLE_CODE = YES;
				CLANG_WARN__DUPLICATE_METHOD_MATCH = YES;
				"CODE_SIGN_IDENTITY[sdk=iphoneos*]" = "iPhone Developer";
				COPY_PHASE_STRIP = NO;
				DEBUG_INFORMATION_FORMAT = "dwarf-with-dsym";
				ENABLE_NS_ASSERTIONS = NO;
				ENABLE_STRICT_OBJC_MSGSEND = YES;
				GCC_C_LANGUAGE_STANDARD = gnu99;
				GCC_NO_COMMON_BLOCKS = YES;
				GCC_WARN_64_TO_32_BIT_CONVERSION = YES;
				GCC_WARN_ABOUT_RETURN_TYPE = YES_ERROR;
				GCC_WARN_UNDECLARED_SELECTOR = YES;
				GCC_WARN_UNINITIALIZED_AUTOS = YES_AGGRESSIVE;
				GCC_WARN_UNUSED_FUNCTION = YES;
				GCC_WARN_UNUSED_VARIABLE = YES;
				IPHONEOS_DEPLOYMENT_TARGET = 9.1;
				MTL_ENABLE_DEBUG_INFO = NO;
				SDKROOT = iphoneos;
				TARGETED_DEVICE_FAMILY = "1,2";
				VALIDATE_PRODUCT = YES;
			};
			name = Release;
		};
		AFE2EBBD1C8B3DA200AA45C3 /* Debug */ = {
			isa = XCBuildConfiguration;
			buildSettings = {
				ASSETCATALOG_COMPILER_APPICON_NAME = AppIcon;
				ASSETCATALOG_COMPILER_LAUNCHIMAGE_NAME = LaunchImage;
				EMBEDDED_CONTENT_CONTAINS_SWIFT = YES;
				INFOPLIST_FILE = VEF/Info.plist;
				IPHONEOS_DEPLOYMENT_TARGET = 8.0;
				LD_RUNPATH_SEARCH_PATHS = "$(inherited) @executable_path/Frameworks";
				PRODUCT_BUNDLE_IDENTIFIER = nl.deltafhict.VEF;
				PRODUCT_NAME = "$(TARGET_NAME)";
			};
			name = Debug;
		};
		AFE2EBBE1C8B3DA200AA45C3 /* Release */ = {
			isa = XCBuildConfiguration;
			buildSettings = {
				ASSETCATALOG_COMPILER_APPICON_NAME = AppIcon;
				ASSETCATALOG_COMPILER_LAUNCHIMAGE_NAME = LaunchImage;
				EMBEDDED_CONTENT_CONTAINS_SWIFT = YES;
				INFOPLIST_FILE = VEF/Info.plist;
				IPHONEOS_DEPLOYMENT_TARGET = 8.0;
				LD_RUNPATH_SEARCH_PATHS = "$(inherited) @executable_path/Frameworks";
				PRODUCT_BUNDLE_IDENTIFIER = nl.deltafhict.VEF;
				PRODUCT_NAME = "$(TARGET_NAME)";
			};
			name = Release;
		};
		AFE2EBC01C8B3DA200AA45C3 /* Debug */ = {
			isa = XCBuildConfiguration;
			buildSettings = {
				BUNDLE_LOADER = "$(TEST_HOST)";
				INFOPLIST_FILE = VEFTests/Info.plist;
				LD_RUNPATH_SEARCH_PATHS = "$(inherited) @executable_path/Frameworks @loader_path/Frameworks";
				PRODUCT_BUNDLE_IDENTIFIER = nl.deltafhict.VEFTests;
				PRODUCT_NAME = "$(TARGET_NAME)";
				TEST_HOST = "$(BUILT_PRODUCTS_DIR)/VEF.app/VEF";
			};
			name = Debug;
		};
		AFE2EBC11C8B3DA200AA45C3 /* Release */ = {
			isa = XCBuildConfiguration;
			buildSettings = {
				BUNDLE_LOADER = "$(TEST_HOST)";
				INFOPLIST_FILE = VEFTests/Info.plist;
				LD_RUNPATH_SEARCH_PATHS = "$(inherited) @executable_path/Frameworks @loader_path/Frameworks";
				PRODUCT_BUNDLE_IDENTIFIER = nl.deltafhict.VEFTests;
				PRODUCT_NAME = "$(TARGET_NAME)";
				TEST_HOST = "$(BUILT_PRODUCTS_DIR)/VEF.app/VEF";
			};
			name = Release;
		};
		AFE2EBC31C8B3DA200AA45C3 /* Debug */ = {
			isa = XCBuildConfiguration;
			buildSettings = {
				INFOPLIST_FILE = VEFUITests/Info.plist;
				LD_RUNPATH_SEARCH_PATHS = "$(inherited) @executable_path/Frameworks @loader_path/Frameworks";
				PRODUCT_BUNDLE_IDENTIFIER = nl.deltafhict.VEFUITests;
				PRODUCT_NAME = "$(TARGET_NAME)";
				TEST_TARGET_NAME = VEF;
				USES_XCTRUNNER = YES;
			};
			name = Debug;
		};
		AFE2EBC41C8B3DA200AA45C3 /* Release */ = {
			isa = XCBuildConfiguration;
			buildSettings = {
				INFOPLIST_FILE = VEFUITests/Info.plist;
				LD_RUNPATH_SEARCH_PATHS = "$(inherited) @executable_path/Frameworks @loader_path/Frameworks";
				PRODUCT_BUNDLE_IDENTIFIER = nl.deltafhict.VEFUITests;
				PRODUCT_NAME = "$(TARGET_NAME)";
				TEST_TARGET_NAME = VEF;
				USES_XCTRUNNER = YES;
			};
			name = Release;
		};
/* End XCBuildConfiguration section */

/* Begin XCConfigurationList section */
		AFE2EB8F1C8B3DA100AA45C3 /* Build configuration list for PBXProject "VEF" */ = {
			isa = XCConfigurationList;
			buildConfigurations = (
				AFE2EBBA1C8B3DA200AA45C3 /* Debug */,
				AFE2EBBB1C8B3DA200AA45C3 /* Release */,
			);
			defaultConfigurationIsVisible = 0;
			defaultConfigurationName = Release;
		};
		AFE2EBBC1C8B3DA200AA45C3 /* Build configuration list for PBXNativeTarget "VEF" */ = {
			isa = XCConfigurationList;
			buildConfigurations = (
				AFE2EBBD1C8B3DA200AA45C3 /* Debug */,
				AFE2EBBE1C8B3DA200AA45C3 /* Release */,
			);
			defaultConfigurationIsVisible = 0;
			defaultConfigurationName = Release;
		};
		AFE2EBBF1C8B3DA200AA45C3 /* Build configuration list for PBXNativeTarget "VEFTests" */ = {
			isa = XCConfigurationList;
			buildConfigurations = (
				AFE2EBC01C8B3DA200AA45C3 /* Debug */,
				AFE2EBC11C8B3DA200AA45C3 /* Release */,
			);
			defaultConfigurationIsVisible = 0;
			defaultConfigurationName = Release;
		};
		AFE2EBC21C8B3DA200AA45C3 /* Build configuration list for PBXNativeTarget "VEFUITests" */ = {
			isa = XCConfigurationList;
			buildConfigurations = (
				AFE2EBC31C8B3DA200AA45C3 /* Debug */,
				AFE2EBC41C8B3DA200AA45C3 /* Release */,
			);
			defaultConfigurationIsVisible = 0;
			defaultConfigurationName = Release;
		};
/* End XCConfigurationList section */
	};
	rootObject = AFE2EB8C1C8B3DA100AA45C3 /* Project object */;
}
